
Microsoft Visual Studio Solution File, Format Version 12.00
# Visual Studio Version 16
VisualStudioVersion = 16.0.31729.503
MinimumVisualStudioVersion = 10.0.40219.1
Project("{FAE04EC0-301F-11D3-BF4B-00C04F79EFBC}") = "Group32_API", "Group32_API\Group32_API.csproj", "{43D0BD88-89F7-44A4-B0F5-09D2699DD868}"
EndProject
Project("{FAE04EC0-301F-11D3-BF4B-00C04F79EFBC}") = "Group32_Client", "Group32_Client\Group32_Client.csproj", "{88BCC75F-2D3F-4FF8-A6E5-4FEA2CF29C5A}"
EndProject
Global
	GlobalSection(SolutionConfigurationPlatforms) = preSolution
		Debug|Any CPU = Debug|Any CPU
		Release|Any CPU = Release|Any CPU
	EndGlobalSection
	GlobalSection(ProjectConfigurationPlatforms) = postSolution
		{43D0BD88-89F7-44A4-B0F5-09D2699DD868}.Debug|Any CPU.ActiveCfg = Debug|Any CPU
		{43D0BD88-89F7-44A4-B0F5-09D2699DD868}.Debug|Any CPU.Build.0 = Debug|Any CPU
		{43D0BD88-89F7-44A4-B0F5-09D2699DD868}.Release|Any CPU.ActiveCfg = Release|Any CPU
		{43D0BD88-89F7-44A4-B0F5-09D2699DD868}.Release|Any CPU.Build.0 = Release|Any CPU
		{88BCC75F-2D3F-4FF8-A6E5-4FEA2CF29C5A}.Debug|Any CPU.ActiveCfg = Debug|Any CPU
		{88BCC75F-2D3F-4FF8-A6E5-4FEA2CF29C5A}.Debug|Any CPU.Build.0 = Debug|Any CPU
		{88BCC75F-2D3F-4FF8-A6E5-4FEA2CF29C5A}.Release|Any CPU.ActiveCfg = Release|Any CPU
		{88BCC75F-2D3F-4FF8-A6E5-4FEA2CF29C5A}.Release|Any CPU.Build.0 = Release|Any CPU
	EndGlobalSection
	GlobalSection(SolutionProperties) = preSolution
		HideSolutionNode = FALSE
	EndGlobalSection
	GlobalSection(ExtensibilityGlobals) = postSolution
		SolutionGuid = {DE094C2C-395A-4DAD-A46A-5115B78C8D2D}
	EndGlobalSection
EndGlobal
